
Microsoft Visual Studio Solution File, Format Version 12.00
# Visual Studio Version 17
VisualStudioVersion = 17.4.33213.308
MinimumVisualStudioVersion = 10.0.40219.1
Project("{FAE04EC0-301F-11D3-BF4B-00C04F79EFBC}") = "ClassLibrary2", "ClassLibrary2\ClassLibrary2.csproj", "{F574BD6B-3781-4F4E-BD2E-81EBDC95D27A}"
EndProject
Global
	GlobalSection(SolutionConfigurationPlatforms) = preSolution
		Debug|Any CPU = Debug|Any CPU
		Release|Any CPU = Release|Any CPU
	EndGlobalSection
	GlobalSection(ProjectConfigurationPlatforms) = postSolution
		{F574BD6B-3781-4F4E-BD2E-81EBDC95D27A}.Debug|Any CPU.ActiveCfg = Debug|Any CPU
		{F574BD6B-3781-4F4E-BD2E-81EBDC95D27A}.Debug|Any CPU.Build.0 = Debug|Any CPU
		{F574BD6B-3781-4F4E-BD2E-81EBDC95D27A}.Release|Any CPU.ActiveCfg = Release|Any CPU
		{F574BD6B-3781-4F4E-BD2E-81EBDC95D27A}.Release|Any CPU.Build.0 = Release|Any CPU
	EndGlobalSection
	GlobalSection(SolutionProperties) = preSolution
		HideSolutionNode = FALSE
	EndGlobalSection
	GlobalSection(ExtensibilityGlobals) = postSolution
		SolutionGuid = {FC7D9906-75BD-4550-8819-51D80F36AB62}
	EndGlobalSection
EndGlobal
