
Microsoft Visual Studio Solution File, Format Version 12.00
# Visual Studio Version 17
VisualStudioVersion = 17.4.33213.308
MinimumVisualStudioVersion = 10.0.40219.1
Project("{FAE04EC0-301F-11D3-BF4B-00C04F79EFBC}") = "taskTresultApp", "taskTresultApp\taskTresultApp.csproj", "{21022C59-14AF-404C-8088-EEDC1BE4E7DF}"
EndProject
Global
	GlobalSection(SolutionConfigurationPlatforms) = preSolution
		Debug|Any CPU = Debug|Any CPU
		Release|Any CPU = Release|Any CPU
	EndGlobalSection
	GlobalSection(ProjectConfigurationPlatforms) = postSolution
		{21022C59-14AF-404C-8088-EEDC1BE4E7DF}.Debug|Any CPU.ActiveCfg = Debug|Any CPU
		{21022C59-14AF-404C-8088-EEDC1BE4E7DF}.Debug|Any CPU.Build.0 = Debug|Any CPU
		{21022C59-14AF-404C-8088-EEDC1BE4E7DF}.Release|Any CPU.ActiveCfg = Release|Any CPU
		{21022C59-14AF-404C-8088-EEDC1BE4E7DF}.Release|Any CPU.Build.0 = Release|Any CPU
	EndGlobalSection
	GlobalSection(SolutionProperties) = preSolution
		HideSolutionNode = FALSE
	EndGlobalSection
	GlobalSection(ExtensibilityGlobals) = postSolution
		SolutionGuid = {87155245-BCE4-4B87-9832-9A53B774C68E}
	EndGlobalSection
EndGlobal
