
Microsoft Visual Studio Solution File, Format Version 12.00
# Visual Studio Version 17
VisualStudioVersion = 17.4.33213.308
MinimumVisualStudioVersion = 10.0.40219.1
Project("{FAE04EC0-301F-11D3-BF4B-00C04F79EFBC}") = "Consoletimer", "Consoletimer\Consoletimer.csproj", "{00C5D83E-DE65-4A09-B15C-C3EA38C44D89}"
EndProject
Global
	GlobalSection(SolutionConfigurationPlatforms) = preSolution
		Debug|Any CPU = Debug|Any CPU
		Release|Any CPU = Release|Any CPU
	EndGlobalSection
	GlobalSection(ProjectConfigurationPlatforms) = postSolution
		{00C5D83E-DE65-4A09-B15C-C3EA38C44D89}.Debug|Any CPU.ActiveCfg = Debug|Any CPU
		{00C5D83E-DE65-4A09-B15C-C3EA38C44D89}.Debug|Any CPU.Build.0 = Debug|Any CPU
		{00C5D83E-DE65-4A09-B15C-C3EA38C44D89}.Release|Any CPU.ActiveCfg = Release|Any CPU
		{00C5D83E-DE65-4A09-B15C-C3EA38C44D89}.Release|Any CPU.Build.0 = Release|Any CPU
	EndGlobalSection
	GlobalSection(SolutionProperties) = preSolution
		HideSolutionNode = FALSE
	EndGlobalSection
	GlobalSection(ExtensibilityGlobals) = postSolution
		SolutionGuid = {0212B428-D2DB-489E-9BD6-9DFC1F26AFD1}
	EndGlobalSection
EndGlobal
